
Microsoft Visual Studio Solution File, Format Version 10.00
# Visual Studio 2008
Project("{8BC9CEB8-8B4A-11D0-8D11-00A0C91BC942}") = "Marks of Students", "Marks of Students\Marks of Students.vcproj", "{82FC5363-9A70-4D00-9C32-38DD9489CE1F}"
EndProject
Global
	GlobalSection(SolutionConfigurationPlatforms) = preSolution
		Debug|Win32 = Debug|Win32
		Release|Win32 = Release|Win32
	EndGlobalSection
	GlobalSection(ProjectConfigurationPlatforms) = postSolution
		{82FC5363-9A70-4D00-9C32-38DD9489CE1F}.Debug|Win32.ActiveCfg = Debug|Win32
		{82FC5363-9A70-4D00-9C32-38DD9489CE1F}.Debug|Win32.Build.0 = Debug|Win32
		{82FC5363-9A70-4D00-9C32-38DD9489CE1F}.Release|Win32.ActiveCfg = Release|Win32
		{82FC5363-9A70-4D00-9C32-38DD9489CE1F}.Release|Win32.Build.0 = Release|Win32
	EndGlobalSection
	GlobalSection(SolutionProperties) = preSolution
		HideSolutionNode = FALSE
	EndGlobalSection
EndGlobal
