
Microsoft Visual Studio Solution File, Format Version 11.00
# Visual Studio 2010
Project("{8BC9CEB8-8B4A-11D0-8D11-00A0C91BC942}") = "1.TextEditor", "1.TextEditor\1.TextEditor.vcxproj", "{2F91AE0A-EA5E-4AAE-8D99-FE9049939891}"
EndProject
Global
	GlobalSection(SolutionConfigurationPlatforms) = preSolution
		Debug|Win32 = Debug|Win32
		Release|Win32 = Release|Win32
	EndGlobalSection
	GlobalSection(ProjectConfigurationPlatforms) = postSolution
		{2F91AE0A-EA5E-4AAE-8D99-FE9049939891}.Debug|Win32.ActiveCfg = Debug|Win32
		{2F91AE0A-EA5E-4AAE-8D99-FE9049939891}.Debug|Win32.Build.0 = Debug|Win32
		{2F91AE0A-EA5E-4AAE-8D99-FE9049939891}.Release|Win32.ActiveCfg = Release|Win32
		{2F91AE0A-EA5E-4AAE-8D99-FE9049939891}.Release|Win32.Build.0 = Release|Win32
	EndGlobalSection
	GlobalSection(SolutionProperties) = preSolution
		HideSolutionNode = FALSE
	EndGlobalSection
EndGlobal
